
Microsoft Visual Studio Solution File, Format Version 12.00
# Visual Studio Version 17
VisualStudioVersion = 17.1.32421.90
MinimumVisualStudioVersion = 10.0.40219.1
Project("{FAE04EC0-301F-11D3-BF4B-00C04F79EFBC}") = "RemoteDesktop", "RemoteDesktop\RemoteDesktop.csproj", "{65D2BB06-0D3E-42AB-BE96-1A39B5C5A7D0}"
EndProject
Global
	GlobalSection(SolutionConfigurationPlatforms) = preSolution
		Debug|Any CPU = Debug|Any CPU
		Release|Any CPU = Release|Any CPU
	EndGlobalSection
	GlobalSection(ProjectConfigurationPlatforms) = postSolution
		{65D2BB06-0D3E-42AB-BE96-1A39B5C5A7D0}.Debug|Any CPU.ActiveCfg = Debug|Any CPU
		{65D2BB06-0D3E-42AB-BE96-1A39B5C5A7D0}.Debug|Any CPU.Build.0 = Debug|Any CPU
		{65D2BB06-0D3E-42AB-BE96-1A39B5C5A7D0}.Release|Any CPU.ActiveCfg = Release|Any CPU
		{65D2BB06-0D3E-42AB-BE96-1A39B5C5A7D0}.Release|Any CPU.Build.0 = Release|Any CPU
	EndGlobalSection
	GlobalSection(SolutionProperties) = preSolution
		HideSolutionNode = FALSE
	EndGlobalSection
	GlobalSection(ExtensibilityGlobals) = postSolution
		SolutionGuid = {91714E6C-D27A-45CB-AB1B-F434A8EED5FD}
	EndGlobalSection
EndGlobal
